// !$*UTF8*$!
{
	archiveVersion = 1;
	classes = {
	};
	objectVersion = 46;
	objects = {

/* Begin PBXBuildFile section */
		84B9A3E9399704C35C16C1BE /* libPods-testTests.a in Frameworks */ = {isa = PBXBuildFile; fileRef = 8D4B665A0CF47173894C4D72 /* libPods-testTests.a */; };
		9627DDF51DCAE89400B525DC /* main.m in Sources */ = {isa = PBXBuildFile; fileRef = 9627DDF41DCAE89400B525DC /* main.m */; };
		9627DDF81DCAE89400B525DC /* AppDelegate.m in Sources */ = {isa = PBXBuildFile; fileRef = 9627DDF71DCAE89400B525DC /* AppDelegate.m */; };
		9627DDFB1DCAE89400B525DC /* ViewController.m in Sources */ = {isa = PBXBuildFile; fileRef = 9627DDFA1DCAE89400B525DC /* ViewController.m */; };
		9627DDFE1DCAE89400B525DC /* Main.storyboard in Resources */ = {isa = PBXBuildFile; fileRef = 9627DDFC1DCAE89400B525DC /* Main.storyboard */; };
		9627DE001DCAE89400B525DC /* Assets.xcassets in Resources */ = {isa = PBXBuildFile; fileRef = 9627DDFF1DCAE89400B525DC /* Assets.xcassets */; };
		9627DE031DCAE89400B525DC /* LaunchScreen.storyboard in Resources */ = {isa = PBXBuildFile; fileRef = 9627DE011DCAE89400B525DC /* LaunchScreen.storyboard */; };
		9627DE0E1DCAE89400B525DC /* testTests.m in Sources */ = {isa = PBXBuildFile; fileRef = 9627DE0D1DCAE89400B525DC /* testTests.m */; };
		96E25D231E7A59D100A61969 /* libsqlite3.tbd in Frameworks */ = {isa = PBXBuildFile; fileRef = 96E25D221E7A59D100A61969 /* libsqlite3.tbd */; };
		96E25D271E7BB0D900A61969 /* FMDatabase+Encryption.m in Sources */ = {isa = PBXBuildFile; fileRef = 96E25D261E7BB0D900A61969 /* FMDatabase+Encryption.m */; };
		B6D0B0E84C28F19B57ABDA03 /* libPods-test.a in Frameworks */ = {isa = PBXBuildFile; fileRef = 99E9EF55D4AB85019EDEF364 /* libPods-test.a */; };
/* End PBXBuildFile section */

/* Begin PBXContainerItemProxy section */
		9627DE0A1DCAE89400B525DC /* PBXContainerItemProxy */ = {
			isa = PBXContainerItemProxy;
			containerPortal = 9627DDE81DCAE89400B525DC /* Project object */;
			proxyType = 1;
			remoteGlobalIDString = 9627DDEF1DCAE89400B525DC;
			remoteInfo = test;
		};
/* End PBXContainerItemProxy section */

/* Begin PBXFileReference section */
		68CCD96DEBE058290015FA63 /* Pods-test.release.xcconfig */ = {isa = PBXFileReference; includeInIndex = 1; lastKnownFileType = text.xcconfig; name = "Pods-test.release.xcconfig"; path = "Pods/Target Support Files/Pods-test/Pods-test.release.xcconfig"; sourceTree = "<group>"; };
		8D4B665A0CF47173894C4D72 /* libPods-testTests.a */ = {isa = PBXFileReference; explicitFileType = archive.ar; includeInIndex = 0; path = "libPods-testTests.a"; sourceTree = BUILT_PRODUCTS_DIR; };
		9627DDF01DCAE89400B525DC /* test.app */ = {isa = PBXFileReference; explicitFileType = wrapper.application; includeInIndex = 0; path = test.app; sourceTree = BUILT_PRODUCTS_DIR; };
		9627DDF41DCAE89400B525DC /* main.m */ = {isa = PBXFileReference; lastKnownFileType = sourcecode.c.objc; path = main.m; sourceTree = "<group>"; };
		9627DDF61DCAE89400B525DC /* AppDelegate.h */ = {isa = PBXFileReference; lastKnownFileType = sourcecode.c.h; path = AppDelegate.h; sourceTree = "<group>"; };
		9627DDF71DCAE89400B525DC /* AppDelegate.m */ = {isa = PBXFileReference; lastKnownFileType = sourcecode.c.objc; path = AppDelegate.m; sourceTree = "<group>"; };
		9627DDF91DCAE89400B525DC /* ViewController.h */ = {isa = PBXFileReference; lastKnownFileType = sourcecode.c.h; path = ViewController.h; sourceTree = "<group>"; };
		9627DDFA1DCAE89400B525DC /* ViewController.m */ = {isa = PBXFileReference; lastKnownFileType = sourcecode.c.objc; path = ViewController.m; sourceTree = "<group>"; };
		9627DDFD1DCAE89400B525DC /* Base */ = {isa = PBXFileReference; lastKnownFileType = file.storyboard; name = Base; path = Base.lproj/Main.storyboard; sourceTree = "<group>"; };
		9627DDFF1DCAE89400B525DC /* Assets.xcassets */ = {isa = PBXFileReference; lastKnownFileType = folder.assetcatalog; path = Assets.xcassets; sourceTree = "<group>"; };
		9627DE021DCAE89400B525DC /* Base */ = {isa = PBXFileReference; lastKnownFileType = file.storyboard; name = Base; path = Base.lproj/LaunchScreen.storyboard; sourceTree = "<group>"; };
		9627DE041DCAE89400B525DC /* Info.plist */ = {isa = PBXFileReference; lastKnownFileType = text.plist.xml; path = Info.plist; sourceTree = "<group>"; };
		9627DE091DCAE89400B525DC /* testTests.xctest */ = {isa = PBXFileReference; explicitFileType = wrapper.cfbundle; includeInIndex = 0; path = testTests.xctest; sourceTree = BUILT_PRODUCTS_DIR; };
		9627DE0D1DCAE89400B525DC /* testTests.m */ = {isa = PBXFileReference; lastKnownFileType = sourcecode.c.objc; path = testTests.m; sourceTree = "<group>"; };
		9627DE0F1DCAE89400B525DC /* Info.plist */ = {isa = PBXFileReference; lastKnownFileType = text.plist.xml; path = Info.plist; sourceTree = "<group>"; };
		96E25D221E7A59D100A61969 /* libsqlite3.tbd */ = {isa = PBXFileReference; lastKnownFileType = "sourcecode.text-based-dylib-definition"; name = libsqlite3.tbd; path = usr/lib/libsqlite3.tbd; sourceTree = SDKROOT; };
		96E25D251E7BB0D900A61969 /* FMDatabase+Encryption.h */ = {isa = PBXFileReference; fileEncoding = 4; lastKnownFileType = sourcecode.c.h; path = "FMDatabase+Encryption.h"; sourceTree = "<group>"; };
		96E25D261E7BB0D900A61969 /* FMDatabase+Encryption.m */ = {isa = PBXFileReference; fileEncoding = 4; lastKnownFileType = sourcecode.c.objc; path = "FMDatabase+Encryption.m"; sourceTree = "<group>"; };
		99E9EF55D4AB85019EDEF364 /* libPods-test.a */ = {isa = PBXFileReference; explicitFileType = archive.ar; includeInIndex = 0; path = "libPods-test.a"; sourceTree = BUILT_PRODUCTS_DIR; };
		A9F467202BDBB18EEA3CC941 /* Pods-testTests.debug.xcconfig */ = {isa = PBXFileReference; includeInIndex = 1; lastKnownFileType = text.xcconfig; name = "Pods-testTests.debug.xcconfig"; path = "Pods/Target Support Files/Pods-testTests/Pods-testTests.debug.xcconfig"; sourceTree = "<group>"; };
		BB2905957986C780A73C4F67 /* Pods-test.debug.xcconfig */ = {isa = PBXFileReference; includeInIndex = 1; lastKnownFileType = text.xcconfig; name = "Pods-test.debug.xcconfig"; path = "Pods/Target Support Files/Pods-test/Pods-test.debug.xcconfig"; sourceTree = "<group>"; };
		CDE3A0B298807857FE96CF2D /* Pods-testTests.release.xcconfig */ = {isa = PBXFileReference; includeInIndex = 1; lastKnownFileType = text.xcconfig; name = "Pods-testTests.release.xcconfig"; path = "Pods/Target Support Files/Pods-testTests/Pods-testTests.release.xcconfig"; sourceTree = "<group>"; };
/* End PBXFileReference section */

/* Begin PBXFrameworksBuildPhase section */
		9627DDED1DCAE89400B525DC /* Frameworks */ = {
			isa = PBXFrameworksBuildPhase;
			buildActionMask = 2147483647;
			files = (
				96E25D231E7A59D100A61969 /* libsqlite3.tbd in Frameworks */,
				B6D0B0E84C28F19B57ABDA03 /* libPods-test.a in Frameworks */,
			);
			runOnlyForDeploymentPostprocessing = 0;
		};
		9627DE061DCAE89400B525DC /* Frameworks */ = {
			isa = PBXFrameworksBuildPhase;
			buildActionMask = 2147483647;
			files = (
				84B9A3E9399704C35C16C1BE /* libPods-testTests.a in Frameworks */,
			);
			runOnlyForDeploymentPostprocessing = 0;
		};
/* End PBXFrameworksBuildPhase section */

/* Begin PBXGroup section */
		4B9C9D4E2ACFDC84DCCD960E /* Pods */ = {
			isa = PBXGroup;
			children = (
				BB2905957986C780A73C4F67 /* Pods-test.debug.xcconfig */,
				68CCD96DEBE058290015FA63 /* Pods-test.release.xcconfig */,
				A9F467202BDBB18EEA3CC941 /* Pods-testTests.debug.xcconfig */,
				CDE3A0B298807857FE96CF2D /* Pods-testTests.release.xcconfig */,
			);
			name = Pods;
			sourceTree = "<group>";
		};
		9627DDE71DCAE89400B525DC = {
			isa = PBXGroup;
			children = (
				9627DDF21DCAE89400B525DC /* test */,
				9627DE0C1DCAE89400B525DC /* testTests */,
				9627DDF11DCAE89400B525DC /* Products */,
				4B9C9D4E2ACFDC84DCCD960E /* Pods */,
				EED00601C1E5339BCC42D628 /* Frameworks */,
			);
			sourceTree = "<group>";
		};
		9627DDF11DCAE89400B525DC /* Products */ = {
			isa = PBXGroup;
			children = (
				9627DDF01DCAE89400B525DC /* test.app */,
				9627DE091DCAE89400B525DC /* testTests.xctest */,
			);
			name = Products;
			sourceTree = "<group>";
		};
		9627DDF21DCAE89400B525DC /* test */ = {
			isa = PBXGroup;
			children = (
				96E25D241E7BB0D900A61969 /* SqliteEncryption */,
				9627DDF61DCAE89400B525DC /* AppDelegate.h */,
				9627DDF71DCAE89400B525DC /* AppDelegate.m */,
				9627DDF91DCAE89400B525DC /* ViewController.h */,
				9627DDFA1DCAE89400B525DC /* ViewController.m */,
				9627DDFC1DCAE89400B525DC /* Main.storyboard */,
				9627DDFF1DCAE89400B525DC /* Assets.xcassets */,
				9627DE011DCAE89400B525DC /* LaunchScreen.storyboard */,
				9627DE041DCAE89400B525DC /* Info.plist */,
				9627DDF31DCAE89400B525DC /* Supporting Files */,
			);
			path = test;
			sourceTree = "<group>";
		};
		9627DDF31DCAE89400B525DC /* Supporting Files */ = {
			isa = PBXGroup;
			children = (
				9627DDF41DCAE89400B525DC /* main.m */,
			);
			name = "Supporting Files";
			sourceTree = "<group>";
		};
		9627DE0C1DCAE89400B525DC /* testTests */ = {
			isa = PBXGroup;
			children = (
				9627DE0D1DCAE89400B525DC /* testTests.m */,
				9627DE0F1DCAE89400B525DC /* Info.plist */,
			);
			path = testTests;
			sourceTree = "<group>";
		};
		96E25D241E7BB0D900A61969 /* SqliteEncryption */ = {
			isa = PBXGroup;
			children = (
				96E25D251E7BB0D900A61969 /* FMDatabase+Encryption.h */,
				96E25D261E7BB0D900A61969 /* FMDatabase+Encryption.m */,
			);
			path = SqliteEncryption;
			sourceTree = SOURCE_ROOT;
		};
		EED00601C1E5339BCC42D628 /* Frameworks */ = {
			isa = PBXGroup;
			children = (
				96E25D221E7A59D100A61969 /* libsqlite3.tbd */,
				99E9EF55D4AB85019EDEF364 /* libPods-test.a */,
				8D4B665A0CF47173894C4D72 /* libPods-testTests.a */,
			);
			name = Frameworks;
			sourceTree = "<group>";
		};
/* End PBXGroup section */

/* Begin PBXNativeTarget section */
		9627DDEF1DCAE89400B525DC /* test */ = {
			isa = PBXNativeTarget;
			buildConfigurationList = 9627DE121DCAE89400B525DC /* Build configuration list for PBXNativeTarget "test" */;
			buildPhases = (
				4D97C3C031F4ED197D80C986 /* [CP] Check Pods Manifest.lock */,
				9627DDEC1DCAE89400B525DC /* Sources */,
				9627DDED1DCAE89400B525DC /* Frameworks */,
				9627DDEE1DCAE89400B525DC /* Resources */,
				D3068B279E376A280FAD64F0 /* [CP] Embed Pods Frameworks */,
				C06116C35E24E93C087F77B0 /* [CP] Copy Pods Resources */,
			);
			buildRules = (
			);
			dependencies = (
			);
			name = test;
			productName = test;
			productReference = 9627DDF01DCAE89400B525DC /* test.app */;
			productType = "com.apple.product-type.application";
		};
		9627DE081DCAE89400B525DC /* testTests */ = {
			isa = PBXNativeTarget;
			buildConfigurationList = 9627DE151DCAE89400B525DC /* Build configuration list for PBXNativeTarget "testTests" */;
			buildPhases = (
				28BC50F9C6FC8D00336F6D0E /* [CP] Check Pods Manifest.lock */,
				9627DE051DCAE89400B525DC /* Sources */,
				9627DE061DCAE89400B525DC /* Frameworks */,
				9627DE071DCAE89400B525DC /* Resources */,
				497900FA2C8E3C7168853FD4 /* [CP] Embed Pods Frameworks */,
				165818B83C1B8C510F470F4E /* [CP] Copy Pods Resources */,
			);
			buildRules = (
			);
			dependencies = (
				9627DE0B1DCAE89400B525DC /* PBXTargetDependency */,
			);
			name = testTests;
			productName = testTests;
			productReference = 9627DE091DCAE89400B525DC /* testTests.xctest */;
			productType = "com.apple.product-type.bundle.unit-test";
		};
/* End PBXNativeTarget section */

/* Begin PBXProject section */
		9627DDE81DCAE89400B525DC /* Project object */ = {
			isa = PBXProject;
			attributes = {
				LastUpgradeCheck = 0810;
				ORGANIZATIONNAME = 51talk;
				TargetAttributes = {
					9627DDEF1DCAE89400B525DC = {
						CreatedOnToolsVersion = 8.1;
						ProvisioningStyle = Automatic;
					};
					9627DE081DCAE89400B525DC = {
						CreatedOnToolsVersion = 8.1;
						ProvisioningStyle = Automatic;
						TestTargetID = 9627DDEF1DCAE89400B525DC;
					};
				};
			};
			buildConfigurationList = 9627DDEB1DCAE89400B525DC /* Build configuration list for PBXProject "test" */;
			compatibilityVersion = "Xcode 3.2";
			developmentRegion = English;
			hasScannedForEncodings = 0;
			knownRegions = (
				en,
				Base,
			);
			mainGroup = 9627DDE71DCAE89400B525DC;
			productRefGroup = 9627DDF11DCAE89400B525DC /* Products */;
			projectDirPath = "";
			projectRoot = "";
			targets = (
				9627DDEF1DCAE89400B525DC /* test */,
				9627DE081DCAE89400B525DC /* testTests */,
			);
		};
/* End PBXProject section */

/* Begin PBXResourcesBuildPhase section */
		9627DDEE1DCAE89400B525DC /* Resources */ = {
			isa = PBXResourcesBuildPhase;
			buildActionMask = 2147483647;
			files = (
				9627DE031DCAE89400B525DC /* LaunchScreen.storyboard in Resources */,
				9627DE001DCAE89400B525DC /* Assets.xcassets in Resources */,
				9627DDFE1DCAE89400B525DC /* Main.storyboard in Resources */,
			);
			runOnlyForDeploymentPostprocessing = 0;
		};
		9627DE071DCAE89400B525DC /* Resources */ = {
			isa = PBXResourcesBuildPhase;
			buildActionMask = 2147483647;
			files = (
			);
			runOnlyForDeploymentPostprocessing = 0;
		};
/* End PBXResourcesBuildPhase section */

/* Begin PBXShellScriptBuildPhase section */
		165818B83C1B8C510F470F4E /* [CP] Copy Pods Resources */ = {
			isa = PBXShellScriptBuildPhase;
			buildActionMask = 2147483647;
			files = (
			);
			inputPaths = (
			);
			name = "[CP] Copy Pods Resources";
			outputPaths = (
			);
			runOnlyForDeploymentPostprocessing = 0;
			shellPath = /bin/sh;
			shellScript = "\"${SRCROOT}/Pods/Target Support Files/Pods-testTests/Pods-testTests-resources.sh\"\n";
			showEnvVarsInLog = 0;
		};
		28BC50F9C6FC8D00336F6D0E /* [CP] Check Pods Manifest.lock */ = {
			isa = PBXShellScriptBuildPhase;
			buildActionMask = 2147483647;
			files = (
			);
			inputPaths = (
			);
			name = "[CP] Check Pods Manifest.lock";
			outputPaths = (
			);
			runOnlyForDeploymentPostprocessing = 0;
			shellPath = /bin/sh;
			shellScript = "diff \"${PODS_ROOT}/../Podfile.lock\" \"${PODS_ROOT}/Manifest.lock\" > /dev/null\nif [ $? != 0 ] ; then\n    # print error to STDERR\n    echo \"error: The sandbox is not in sync with the Podfile.lock. Run 'pod install' or update your CocoaPods installation.\" >&2\n    exit 1\nfi\n";
			showEnvVarsInLog = 0;
		};
		497900FA2C8E3C7168853FD4 /* [CP] Embed Pods Frameworks */ = {
			isa = PBXShellScriptBuildPhase;
			buildActionMask = 2147483647;
			files = (
			);
			inputPaths = (
			);
			name = "[CP] Embed Pods Frameworks";
			outputPaths = (
			);
			runOnlyForDeploymentPostprocessing = 0;
			shellPath = /bin/sh;
			shellScript = "\"${SRCROOT}/Pods/Target Support Files/Pods-testTests/Pods-testTests-frameworks.sh\"\n";
			showEnvVarsInLog = 0;
		};
		4D97C3C031F4ED197D80C986 /* [CP] Check Pods Manifest.lock */ = {
			isa = PBXShellScriptBuildPhase;
			buildActionMask = 2147483647;
			files = (
			);
			inputPaths = (
			);
			name = "[CP] Check Pods Manifest.lock";
			outputPaths = (
			);
			runOnlyForDeploymentPostprocessing = 0;
			shellPath = /bin/sh;
			shellScript = "diff \"${PODS_ROOT}/../Podfile.lock\" \"${PODS_ROOT}/Manifest.lock\" > /dev/null\nif [ $? != 0 ] ; then\n    # print error to STDERR\n    echo \"error: The sandbox is not in sync with the Podfile.lock. Run 'pod install' or update your CocoaPods installation.\" >&2\n    exit 1\nfi\n";
			showEnvVarsInLog = 0;
		};
		C06116C35E24E93C087F77B0 /* [CP] Copy Pods Resources */ = {
			isa = PBXShellScriptBuildPhase;
			buildActionMask = 2147483647;
			files = (
			);
			inputPaths = (
			);
			name = "[CP] Copy Pods Resources";
			outputPaths = (
			);
			runOnlyForDeploymentPostprocessing = 0;
			shellPath = /bin/sh;
			shellScript = "\"${SRCROOT}/Pods/Target Support Files/Pods-test/Pods-test-resources.sh\"\n";
			showEnvVarsInLog = 0;
		};
		D3068B279E376A280FAD64F0 /* [CP] Embed Pods Frameworks */ = {
			isa = PBXShellScriptBuildPhase;
			buildActionMask = 2147483647;
			files = (
			);
			inputPaths = (
			);
			name = "[CP] Embed Pods Frameworks";
			outputPaths = (
			);
			runOnlyForDeploymentPostprocessing = 0;
			shellPath = /bin/sh;
			shellScript = "\"${SRCROOT}/Pods/Target Support Files/Pods-test/Pods-test-frameworks.sh\"\n";
			showEnvVarsInLog = 0;
		};
/* End PBXShellScriptBuildPhase section */

/* Begin PBXSourcesBuildPhase section */
		9627DDEC1DCAE89400B525DC /* Sources */ = {
			isa = PBXSourcesBuildPhase;
			buildActionMask = 2147483647;
			files = (
				96E25D271E7BB0D900A61969 /* FMDatabase+Encryption.m in Sources */,
				9627DDFB1DCAE89400B525DC /* ViewController.m in Sources */,
				9627DDF81DCAE89400B525DC /* AppDelegate.m in Sources */,
				9627DDF51DCAE89400B525DC /* main.m in Sources */,
			);
			runOnlyForDeploymentPostprocessing = 0;
		};
		9627DE051DCAE89400B525DC /* Sources */ = {
			isa = PBXSourcesBuildPhase;
			buildActionMask = 2147483647;
			files = (
				9627DE0E1DCAE89400B525DC /* testTests.m in Sources */,
			);
			runOnlyForDeploymentPostprocessing = 0;
		};
/* End PBXSourcesBuildPhase section */

/* Begin PBXTargetDependency section */
		9627DE0B1DCAE89400B525DC /* PBXTargetDependency */ = {
			isa = PBXTargetDependency;
			target = 9627DDEF1DCAE89400B525DC /* test */;
			targetProxy = 9627DE0A1DCAE89400B525DC /* PBXContainerItemProxy */;
		};
/* End PBXTargetDependency section */

/* Begin PBXVariantGroup section */
		9627DDFC1DCAE89400B525DC /* Main.storyboard */ = {
			isa = PBXVariantGroup;
			children = (
				9627DDFD1DCAE89400B525DC /* Base */,
			);
			name = Main.storyboard;
			sourceTree = "<group>";
		};
		9627DE011DCAE89400B525DC /* LaunchScreen.storyboard */ = {
			isa = PBXVariantGroup;
			children = (
				9627DE021DCAE89400B525DC /* Base */,
			);
			name = LaunchScreen.storyboard;
			sourceTree = "<group>";
		};
/* End PBXVariantGroup section */

/* Begin XCBuildConfiguration section */
		9627DE101DCAE89400B525DC /* Debug */ = {
			isa = XCBuildConfiguration;
			buildSettings = {
				ALWAYS_SEARCH_USER_PATHS = NO;
				CLANG_ANALYZER_NONNULL = YES;
				CLANG_CXX_LANGUAGE_STANDARD = "gnu++0x";
				CLANG_CXX_LIBRARY = "libc++";
				CLANG_ENABLE_MODULES = YES;
				CLANG_ENABLE_OBJC_ARC = YES;
				CLANG_WARN_BOOL_CONVERSION = YES;
				CLANG_WARN_CONSTANT_CONVERSION = YES;
				CLANG_WARN_DIRECT_OBJC_ISA_USAGE = YES_ERROR;
				CLANG_WARN_DOCUMENTATION_COMMENTS = YES;
				CLANG_WARN_EMPTY_BODY = YES;
				CLANG_WARN_ENUM_CONVERSION = YES;
				CLANG_WARN_INFINITE_RECURSION = YES;
				CLANG_WARN_INT_CONVERSION = YES;
				CLANG_WARN_OBJC_ROOT_CLASS = YES_ERROR;
				CLANG_WARN_SUSPICIOUS_MOVES = YES;
				CLANG_WARN_UNREACHABLE_CODE = YES;
				CLANG_WARN__DUPLICATE_METHOD_MATCH = YES;
				"CODE_SIGN_IDENTITY[sdk=iphoneos*]" = "iPhone Developer";
				COPY_PHASE_STRIP = NO;
				DEBUG_INFORMATION_FORMAT = dwarf;
				ENABLE_STRICT_OBJC_MSGSEND = YES;
				ENABLE_TESTABILITY = YES;
				GCC_C_LANGUAGE_STANDARD = gnu99;
				GCC_DYNAMIC_NO_PIC = NO;
				GCC_NO_COMMON_BLOCKS = YES;
				GCC_OPTIMIZATION_LEVEL = 0;
				GCC_PREPROCESSOR_DEFINITIONS = (
					"DEBUG=1",
					"$(inherited)",
				);
				GCC_WARN_64_TO_32_BIT_CONVERSION = YES;
				GCC_WARN_ABOUT_RETURN_TYPE = YES_ERROR;
				GCC_WARN_UNDECLARED_SELECTOR = YES;
				GCC_WARN_UNINITIALIZED_AUTOS = YES_AGGRESSIVE;
				GCC_WARN_UNUSED_FUNCTION = YES;
				GCC_WARN_UNUSED_VARIABLE = YES;
				IPHONEOS_DEPLOYMENT_TARGET = 10.1;
				MTL_ENABLE_DEBUG_INFO = YES;
				ONLY_ACTIVE_ARCH = YES;
				SDKROOT = iphoneos;
				TARGETED_DEVICE_FAMILY = "1,2";
			};
			name = Debug;
		};
		9627DE111DCAE89400B525DC /* Release */ = {
			isa = XCBuildConfiguration;
			buildSettings = {
				ALWAYS_SEARCH_USER_PATHS = NO;
				CLANG_ANALYZER_NONNULL = YES;
				CLANG_CXX_LANGUAGE_STANDARD = "gnu++0x";
				CLANG_CXX_LIBRARY = "libc++";
				CLANG_ENABLE_MODULES = YES;
				CLANG_ENABLE_OBJC_ARC = YES;
				CLANG_WARN_BOOL_CONVERSION = YES;
				CLANG_WARN_CONSTANT_CONVERSION = YES;
				CLANG_WARN_DIRECT_OBJC_ISA_USAGE = YES_ERROR;
				CLANG_WARN_DOCUMENTATION_COMMENTS = YES;
				CLANG_WARN_EMPTY_BODY = YES;
				CLANG_WARN_ENUM_CONVERSION = YES;
				CLANG_WARN_INFINITE_RECURSION = YES;
				CLANG_WARN_INT_CONVERSION = YES;
				CLANG_WARN_OBJC_ROOT_CLASS = YES_ERROR;
				CLANG_WARN_SUSPICIOUS_MOVES = YES;
				CLANG_WARN_UNREACHABLE_CODE = YES;
				CLANG_WARN__DUPLICATE_METHOD_MATCH = YES;
				"CODE_SIGN_IDENTITY[sdk=iphoneos*]" = "iPhone Developer";
				COPY_PHASE_STRIP = NO;
				DEBUG_INFORMATION_FORMAT = "dwarf-with-dsym";
				ENABLE_NS_ASSERTIONS = NO;
				ENABLE_STRICT_OBJC_MSGSEND = YES;
				GCC_C_LANGUAGE_STANDARD = gnu99;
				GCC_NO_COMMON_BLOCKS = YES;
				GCC_WARN_64_TO_32_BIT_CONVERSION = YES;
				GCC_WARN_ABOUT_RETURN_TYPE = YES_ERROR;
				GCC_WARN_UNDECLARED_SELECTOR = YES;
				GCC_WARN_UNINITIALIZED_AUTOS = YES_AGGRESSIVE;
				GCC_WARN_UNUSED_FUNCTION = YES;
				GCC_WARN_UNUSED_VARIABLE = YES;
				IPHONEOS_DEPLOYMENT_TARGET = 10.1;
				MTL_ENABLE_DEBUG_INFO = NO;
				SDKROOT = iphoneos;
				TARGETED_DEVICE_FAMILY = "1,2";
				VALIDATE_PRODUCT = YES;
			};
			name = Release;
		};
		9627DE131DCAE89400B525DC /* Debug */ = {
			isa = XCBuildConfiguration;
			baseConfigurationReference = BB2905957986C780A73C4F67 /* Pods-test.debug.xcconfig */;
			buildSettings = {
				ASSETCATALOG_COMPILER_APPICON_NAME = AppIcon;
				INFOPLIST_FILE = test/Info.plist;
				LD_RUNPATH_SEARCH_PATHS = "$(inherited) @executable_path/Frameworks";
				PRODUCT_BUNDLE_IDENTIFIER = com.51talk.test;
				PRODUCT_NAME = "$(TARGET_NAME)";
			};
			name = Debug;
		};
		9627DE141DCAE89400B525DC /* Release */ = {
			isa = XCBuildConfiguration;
			baseConfigurationReference = 68CCD96DEBE058290015FA63 /* Pods-test.release.xcconfig */;
			buildSettings = {
				ASSETCATALOG_COMPILER_APPICON_NAME = AppIcon;
				INFOPLIST_FILE = test/Info.plist;
				LD_RUNPATH_SEARCH_PATHS = "$(inherited) @executable_path/Frameworks";
				PRODUCT_BUNDLE_IDENTIFIER = com.51talk.test;
				PRODUCT_NAME = "$(TARGET_NAME)";
			};
			name = Release;
		};
		9627DE161DCAE89400B525DC /* Debug */ = {
			isa = XCBuildConfiguration;
			baseConfigurationReference = A9F467202BDBB18EEA3CC941 /* Pods-testTests.debug.xcconfig */;
			buildSettings = {
				BUNDLE_LOADER = "$(TEST_HOST)";
				INFOPLIST_FILE = testTests/Info.plist;
				LD_RUNPATH_SEARCH_PATHS = "$(inherited) @executable_path/Frameworks @loader_path/Frameworks";
				PRODUCT_BUNDLE_IDENTIFIER = com.51talk.testTests;
				PRODUCT_NAME = "$(TARGET_NAME)";
				TEST_HOST = "$(BUILT_PRODUCTS_DIR)/test.app/test";
			};
			name = Debug;
		};
		9627DE171DCAE89400B525DC /* Release */ = {
			isa = XCBuildConfiguration;
			baseConfigurationReference = CDE3A0B298807857FE96CF2D /* Pods-testTests.release.xcconfig */;
			buildSettings = {
				BUNDLE_LOADER = "$(TEST_HOST)";
				INFOPLIST_FILE = testTests/Info.plist;
				LD_RUNPATH_SEARCH_PATHS = "$(inherited) @executable_path/Frameworks @loader_path/Frameworks";
				PRODUCT_BUNDLE_IDENTIFIER = com.51talk.testTests;
				PRODUCT_NAME = "$(TARGET_NAME)";
				TEST_HOST = "$(BUILT_PRODUCTS_DIR)/test.app/test";
			};
			name = Release;
		};
/* End XCBuildConfiguration section */

/* Begin XCConfigurationList section */
		9627DDEB1DCAE89400B525DC /* Build configuration list for PBXProject "test" */ = {
			isa = XCConfigurationList;
			buildConfigurations = (
				9627DE101DCAE89400B525DC /* Debug */,
				9627DE111DCAE89400B525DC /* Release */,
			);
			defaultConfigurationIsVisible = 0;
			defaultConfigurationName = Release;
		};
		9627DE121DCAE89400B525DC /* Build configuration list for PBXNativeTarget "test" */ = {
			isa = XCConfigurationList;
			buildConfigurations = (
				9627DE131DCAE89400B525DC /* Debug */,
				9627DE141DCAE89400B525DC /* Release */,
			);
			defaultConfigurationIsVisible = 0;
			defaultConfigurationName = Release;
		};
		9627DE151DCAE89400B525DC /* Build configuration list for PBXNativeTarget "testTests" */ = {
			isa = XCConfigurationList;
			buildConfigurations = (
				9627DE161DCAE89400B525DC /* Debug */,
				9627DE171DCAE89400B525DC /* Release */,
			);
			defaultConfigurationIsVisible = 0;
			defaultConfigurationName = Release;
		};
/* End XCConfigurationList section */
	};
	rootObject = 9627DDE81DCAE89400B525DC /* Project object */;
}
